
Microsoft Visual Studio Solution File, Format Version 12.00
# Visual Studio Version 17
VisualStudioVersion = 17.2.32602.215
MinimumVisualStudioVersion = 10.0.40219.1
Project("{FAE04EC0-301F-11D3-BF4B-00C04F79EFBC}") = "WebApp", "WebApp\WebApp.csproj", "{C2DA151A-7341-4ABD-87EF-BE91BD8B832C}"
EndProject
Global
	GlobalSection(SolutionConfigurationPlatforms) = preSolution
		Debug|Any CPU = Debug|Any CPU
		Release|Any CPU = Release|Any CPU
	EndGlobalSection
	GlobalSection(ProjectConfigurationPlatforms) = postSolution
		{C2DA151A-7341-4ABD-87EF-BE91BD8B832C}.Debug|Any CPU.ActiveCfg = Debug|Any CPU
		{C2DA151A-7341-4ABD-87EF-BE91BD8B832C}.Debug|Any CPU.Build.0 = Debug|Any CPU
		{C2DA151A-7341-4ABD-87EF-BE91BD8B832C}.Release|Any CPU.ActiveCfg = Release|Any CPU
		{C2DA151A-7341-4ABD-87EF-BE91BD8B832C}.Release|Any CPU.Build.0 = Release|Any CPU
	EndGlobalSection
	GlobalSection(SolutionProperties) = preSolution
		HideSolutionNode = FALSE
	EndGlobalSection
	GlobalSection(ExtensibilityGlobals) = postSolution
		SolutionGuid = {56578FC7-8CCC-47A8-A2BF-DEB566769240}
	EndGlobalSection
EndGlobal
